
Microsoft Visual Studio Solution File, Format Version 12.00
# Visual Studio Version 17
VisualStudioVersion = 17.3.32922.545
MinimumVisualStudioVersion = 10.0.40219.1
Project("{FAE04EC0-301F-11D3-BF4B-00C04F79EFBC}") = "CovidTracking", "CovidTracking\CovidTracking.csproj", "{1EB487FF-C45A-43C2-ABA5-15281DBA9392}"
EndProject
Global
	GlobalSection(SolutionConfigurationPlatforms) = preSolution
		Debug|Any CPU = Debug|Any CPU
		Release|Any CPU = Release|Any CPU
	EndGlobalSection
	GlobalSection(ProjectConfigurationPlatforms) = postSolution
		{1EB487FF-C45A-43C2-ABA5-15281DBA9392}.Debug|Any CPU.ActiveCfg = Debug|Any CPU
		{1EB487FF-C45A-43C2-ABA5-15281DBA9392}.Debug|Any CPU.Build.0 = Debug|Any CPU
		{1EB487FF-C45A-43C2-ABA5-15281DBA9392}.Release|Any CPU.ActiveCfg = Release|Any CPU
		{1EB487FF-C45A-43C2-ABA5-15281DBA9392}.Release|Any CPU.Build.0 = Release|Any CPU
	EndGlobalSection
	GlobalSection(SolutionProperties) = preSolution
		HideSolutionNode = FALSE
	EndGlobalSection
	GlobalSection(ExtensibilityGlobals) = postSolution
		SolutionGuid = {7871C9BB-A4E6-45B7-827A-0BEFB3798941}
	EndGlobalSection
EndGlobal
